
Microsoft Visual Studio Solution File, Format Version 12.00
# Visual Studio Version 16
VisualStudioVersion = 16.0.30320.27
MinimumVisualStudioVersion = 10.0.40219.1
Project("{FAE04EC0-301F-11D3-BF4B-00C04F79EFBC}") = "InventroAppTest1", "InventroAppTest1.csproj", "{5889E07E-D3A6-4BC2-BAAA-C72B699BC187}"
EndProject
Global
	GlobalSection(SolutionConfigurationPlatforms) = preSolution
		Debug|Any CPU = Debug|Any CPU
		Release|Any CPU = Release|Any CPU
	EndGlobalSection
	GlobalSection(ProjectConfigurationPlatforms) = postSolution
		{5889E07E-D3A6-4BC2-BAAA-C72B699BC187}.Debug|Any CPU.ActiveCfg = Debug|Any CPU
		{5889E07E-D3A6-4BC2-BAAA-C72B699BC187}.Debug|Any CPU.Build.0 = Debug|Any CPU
		{5889E07E-D3A6-4BC2-BAAA-C72B699BC187}.Release|Any CPU.ActiveCfg = Release|Any CPU
		{5889E07E-D3A6-4BC2-BAAA-C72B699BC187}.Release|Any CPU.Build.0 = Release|Any CPU
	EndGlobalSection
	GlobalSection(SolutionProperties) = preSolution
		HideSolutionNode = FALSE
	EndGlobalSection
	GlobalSection(ExtensibilityGlobals) = postSolution
		SolutionGuid = {0C168E39-DD7B-4C67-8A8A-14ABF4ED0D58}
	EndGlobalSection
EndGlobal
